<?xml version="1.0" encoding="utf-8"?>
<Project ToolsVersion="4.0" xmlns="http://schemas.microsoft.com/developer/msbuild/2003">
  <ItemGroup>
    <Filter Include="Source Files">
      <UniqueIdentifier>{4FC737F1-C7A5-4376-A066-2A32D752A2FF}</UniqueIdentifier>
      <Extensions>cpp;c;cc;cxx;def;odl;idl;hpj;bat;asm;asmx</Extensions>
    </Filter>
    <Filter Include="Header Files">
      <UniqueIdentifier>{93995380-89BD-4b04-88EB-625FBE52EBFB}</UniqueIdentifier>
      <Extensions>h;hpp;hxx;hm;inl;inc;xsd</Extensions>
    </Filter>
    <Filter Include="Resource Files">
      <UniqueIdentifier>{67DA6AB6-F800-4c08-8B7A-83BB121AAD01}</UniqueIdentifier>
      <Extensions>rc;ico;cur;bmp;dlg;rc2;rct;bin;rgs;gif;jpg;jpeg;jpe;resx;tiff;tif;png;wav;mfcribbon-ms</Extensions>
    </Filter>
    <Filter Include="Header Files\RocksEx">
      <UniqueIdentifier>{0a027ca7-686f-4b7c-8448-ba3c6d4afac3}</UniqueIdentifier>
    </Filter>
    <Filter Include="Header Files\Controller">
      <UniqueIdentifier>{38ec9aac-e0bb-4532-ab59-38f72c8f2d58}</UniqueIdentifier>
    </Filter>
    <Filter Include="Header Files\MotionState">
      <UniqueIdentifier>{2676b50d-f263-4355-8365-f6582dbb6de7}</UniqueIdentifier>
    </Filter>
    <Filter Include="Source Files\MotionState">
      <UniqueIdentifier>{0252b431-87bf-4248-846e-7d4b3f6c6469}</UniqueIdentifier>
    </Filter>
  </ItemGroup>
  <ItemGroup>
    <None Include="ReadMe.txt" />
    <None Include="res\DeltaController.rc2">
      <Filter>Resource Files</Filter>
    </None>
    <None Include="res\DeltaController.ico">
      <Filter>Resource Files</Filter>
    </None>
  </ItemGroup>
  <ItemGroup>
    <ClInclude Include="DeltaController.h">
      <Filter>Header Files</Filter>
    </ClInclude>
    <ClInclude Include="DeltaControllerDlg.h">
      <Filter>Header Files</Filter>
    </ClInclude>
    <ClInclude Include="stdafx.h">
      <Filter>Header Files</Filter>
    </ClInclude>
    <ClInclude Include="targetver.h">
      <Filter>Header Files</Filter>
    </ClInclude>
    <ClInclude Include="Resource.h">
      <Filter>Header Files</Filter>
    </ClInclude>
    <ClInclude Include="CoordinateAlgorithm.h">
      <Filter>Header Files\RocksEx</Filter>
    </ClInclude>
    <ClInclude Include="DeltaKinAlgorithm.h">
      <Filter>Header Files\RocksEx</Filter>
    </ClInclude>
    <ClInclude Include="NyceExDefs.h">
      <Filter>Header Files\RocksEx</Filter>
    </ClInclude>
    <ClInclude Include="NyceExErrorHandle.h">
      <Filter>Header Files\RocksEx</Filter>
    </ClInclude>
    <ClInclude Include="RocksExtern_Delta.h">
      <Filter>Header Files\RocksEx</Filter>
    </ClInclude>
    <ClInclude Include="SpaceAlgorithm.h">
      <Filter>Header Files\RocksEx</Filter>
    </ClInclude>
    <ClInclude Include="RocksExtren_Spiral.h">
      <Filter>Header Files\RocksEx</Filter>
    </ClInclude>
    <ClInclude Include="RocksSpiralBufferManager.h">
      <Filter>Header Files\RocksEx</Filter>
    </ClInclude>
    <ClInclude Include="SpiralTrajAlgorithm.h">
      <Filter>Header Files\RocksEx</Filter>
    </ClInclude>
    <ClInclude Include="CoordinateStructs.h">
      <Filter>Header Files\RocksEx</Filter>
    </ClInclude>
    <ClInclude Include="Dialog_Coordinate.h">
      <Filter>Header Files</Filter>
    </ClInclude>
    <ClInclude Include="AxisControl.h">
      <Filter>Header Files\Controller</Filter>
    </ClInclude>
    <ClInclude Include="RocksControl.h">
      <Filter>Header Files\Controller</Filter>
    </ClInclude>
    <ClInclude Include="MotionStateMach.h">
      <Filter>Header Files\MotionState</Filter>
    </ClInclude>
    <ClInclude Include="Defines.h">
      <Filter>Header Files\MotionState</Filter>
    </ClInclude>
    <ClInclude Include="CoordinateDlg.h">
      <Filter>Header Files</Filter>
    </ClInclude>
    <ClInclude Include="SettingDlg.h">
      <Filter>Header Files</Filter>
    </ClInclude>
    <ClInclude Include="RobotSetDlg.h">
      <Filter>Header Files</Filter>
    </ClInclude>
    <ClInclude Include="PointSetDlg.h">
      <Filter>Header Files</Filter>
    </ClInclude>
  </ItemGroup>
  <ItemGroup>
    <ClCompile Include="DeltaController.cpp">
      <Filter>Source Files</Filter>
    </ClCompile>
    <ClCompile Include="DeltaControllerDlg.cpp">
      <Filter>Source Files</Filter>
    </ClCompile>
    <ClCompile Include="stdafx.cpp">
      <Filter>Source Files</Filter>
    </ClCompile>
    <ClCompile Include="Dialog_Coordinate.cpp">
      <Filter>Source Files</Filter>
    </ClCompile>
    <ClCompile Include="MotionStateMach.cpp">
      <Filter>Source Files\MotionState</Filter>
    </ClCompile>
    <ClCompile Include="CoordinateDlg.cpp">
      <Filter>Source Files</Filter>
    </ClCompile>
    <ClCompile Include="SettingDlg.cpp">
      <Filter>Source Files</Filter>
    </ClCompile>
    <ClCompile Include="RobotSetDlg.cpp">
      <Filter>Source Files</Filter>
    </ClCompile>
    <ClCompile Include="PointSetDlg.cpp">
      <Filter>Source Files</Filter>
    </ClCompile>
  </ItemGroup>
  <ItemGroup>
    <ResourceCompile Include="DeltaController.rc">
      <Filter>Resource Files</Filter>
    </ResourceCompile>
  </ItemGroup>
</Project>